
Microsoft Visual Studio Solution File, Format Version 12.00
# Visual Studio Version 17
VisualStudioVersion = 17.7.34018.315
MinimumVisualStudioVersion = 10.0.40219.1
Project("{FAE04EC0-301F-11D3-BF4B-00C04F79EFBC}") = "Module01Activity01.Android", "Module01Activity01\Module01Activity01.Android\Module01Activity01.Android.csproj", "{123713B7-56C6-4713-B1FF-CD7983F1D65C}"
EndProject
Project("{FAE04EC0-301F-11D3-BF4B-00C04F79EFBC}") = "Module01Activity01", "Module01Activity01\Module01Activity01\Module01Activity01.csproj", "{C94C1433-63AE-4128-89C4-F007569B2768}"
EndProject
Global
	GlobalSection(SolutionConfigurationPlatforms) = preSolution
		Debug|Any CPU = Debug|Any CPU
		Release|Any CPU = Release|Any CPU
	EndGlobalSection
	GlobalSection(ProjectConfigurationPlatforms) = postSolution
		{123713B7-56C6-4713-B1FF-CD7983F1D65C}.Debug|Any CPU.ActiveCfg = Debug|Any CPU
		{123713B7-56C6-4713-B1FF-CD7983F1D65C}.Debug|Any CPU.Build.0 = Debug|Any CPU
		{123713B7-56C6-4713-B1FF-CD7983F1D65C}.Debug|Any CPU.Deploy.0 = Debug|Any CPU
		{123713B7-56C6-4713-B1FF-CD7983F1D65C}.Release|Any CPU.ActiveCfg = Release|Any CPU
		{123713B7-56C6-4713-B1FF-CD7983F1D65C}.Release|Any CPU.Build.0 = Release|Any CPU
		{123713B7-56C6-4713-B1FF-CD7983F1D65C}.Release|Any CPU.Deploy.0 = Release|Any CPU
		{C94C1433-63AE-4128-89C4-F007569B2768}.Debug|Any CPU.ActiveCfg = Debug|Any CPU
		{C94C1433-63AE-4128-89C4-F007569B2768}.Debug|Any CPU.Build.0 = Debug|Any CPU
		{C94C1433-63AE-4128-89C4-F007569B2768}.Debug|Any CPU.Deploy.0 = Debug|Any CPU
		{C94C1433-63AE-4128-89C4-F007569B2768}.Release|Any CPU.ActiveCfg = Release|Any CPU
		{C94C1433-63AE-4128-89C4-F007569B2768}.Release|Any CPU.Build.0 = Release|Any CPU
		{C94C1433-63AE-4128-89C4-F007569B2768}.Release|Any CPU.Deploy.0 = Release|Any CPU
	EndGlobalSection
	GlobalSection(SolutionProperties) = preSolution
		HideSolutionNode = FALSE
	EndGlobalSection
	GlobalSection(ExtensibilityGlobals) = postSolution
		SolutionGuid = {1AACFD8D-C533-43EE-B8D0-181981423A5B}
	EndGlobalSection
EndGlobal
